// !$*UTF8*$!
{
	archiveVersion = 1;
	classes = {
	};
	objectVersion = 50;
	objects = {

/* Begin PBXBuildFile section */
		046377E225E49CCF00D1397B /* AppDelegate.m in Sources */ = {isa = PBXBuildFile; fileRef = 046377E125E49CCF00D1397B /* AppDelegate.m */; };
		046377E525E49CCF00D1397B /* SceneDelegate.m in Sources */ = {isa = PBXBuildFile; fileRef = 046377E425E49CCF00D1397B /* SceneDelegate.m */; };
		046377E825E49CCF00D1397B /* ViewController.m in Sources */ = {isa = PBXBuildFile; fileRef = 046377E725E49CCF00D1397B /* ViewController.m */; };
		046377EB25E49CCF00D1397B /* Main.storyboard in Resources */ = {isa = PBXBuildFile; fileRef = 046377E925E49CCF00D1397B /* Main.storyboard */; };
		046377ED25E49CD100D1397B /* Assets.xcassets in Resources */ = {isa = PBXBuildFile; fileRef = 046377EC25E49CD100D1397B /* Assets.xcassets */; };
		046377F025E49CD100D1397B /* LaunchScreen.storyboard in Resources */ = {isa = PBXBuildFile; fileRef = 046377EE25E49CD100D1397B /* LaunchScreen.storyboard */; };
		046377F325E49CD100D1397B /* main.m in Sources */ = {isa = PBXBuildFile; fileRef = 046377F225E49CD100D1397B /* main.m */; };
		047A933F25E4DF2D00708EE7 /* MDIFMDBManager.m in Sources */ = {isa = PBXBuildFile; fileRef = 047A933E25E4DF2D00708EE7 /* MDIFMDBManager.m */; };
		D9978F14820C0CAC46B65A1F /* libPods-testDemo.a in Frameworks */ = {isa = PBXBuildFile; fileRef = 72D34A32F0562B7F8D60D2EE /* libPods-testDemo.a */; };
/* End PBXBuildFile section */

/* Begin PBXFileReference section */
		046377DD25E49CCF00D1397B /* testDemo.app */ = {isa = PBXFileReference; explicitFileType = wrapper.application; includeInIndex = 0; path = testDemo.app; sourceTree = BUILT_PRODUCTS_DIR; };
		046377E025E49CCF00D1397B /* AppDelegate.h */ = {isa = PBXFileReference; lastKnownFileType = sourcecode.c.h; path = AppDelegate.h; sourceTree = "<group>"; };
		046377E125E49CCF00D1397B /* AppDelegate.m */ = {isa = PBXFileReference; lastKnownFileType = sourcecode.c.objc; path = AppDelegate.m; sourceTree = "<group>"; };
		046377E325E49CCF00D1397B /* SceneDelegate.h */ = {isa = PBXFileReference; lastKnownFileType = sourcecode.c.h; path = SceneDelegate.h; sourceTree = "<group>"; };
		046377E425E49CCF00D1397B /* SceneDelegate.m */ = {isa = PBXFileReference; lastKnownFileType = sourcecode.c.objc; path = SceneDelegate.m; sourceTree = "<group>"; };
		046377E625E49CCF00D1397B /* ViewController.h */ = {isa = PBXFileReference; lastKnownFileType = sourcecode.c.h; path = ViewController.h; sourceTree = "<group>"; };
		046377E725E49CCF00D1397B /* ViewController.m */ = {isa = PBXFileReference; lastKnownFileType = sourcecode.c.objc; path = ViewController.m; sourceTree = "<group>"; };
		046377EA25E49CCF00D1397B /* Base */ = {isa = PBXFileReference; lastKnownFileType = file.storyboard; name = Base; path = Base.lproj/Main.storyboard; sourceTree = "<group>"; };
		046377EC25E49CD100D1397B /* Assets.xcassets */ = {isa = PBXFileReference; lastKnownFileType = folder.assetcatalog; path = Assets.xcassets; sourceTree = "<group>"; };
		046377EF25E49CD100D1397B /* Base */ = {isa = PBXFileReference; lastKnownFileType = file.storyboard; name = Base; path = Base.lproj/LaunchScreen.storyboard; sourceTree = "<group>"; };
		046377F125E49CD100D1397B /* Info.plist */ = {isa = PBXFileReference; lastKnownFileType = text.plist.xml; path = Info.plist; sourceTree = "<group>"; };
		046377F225E49CD100D1397B /* main.m */ = {isa = PBXFileReference; lastKnownFileType = sourcecode.c.objc; path = main.m; sourceTree = "<group>"; };
		047A933B25E4DE6200708EE7 /* PrefixHeader.pch */ = {isa = PBXFileReference; lastKnownFileType = sourcecode.c.h; path = PrefixHeader.pch; sourceTree = "<group>"; };
		047A933D25E4DF2D00708EE7 /* MDIFMDBManager.h */ = {isa = PBXFileReference; lastKnownFileType = sourcecode.c.h; path = MDIFMDBManager.h; sourceTree = "<group>"; };
		047A933E25E4DF2D00708EE7 /* MDIFMDBManager.m */ = {isa = PBXFileReference; lastKnownFileType = sourcecode.c.objc; path = MDIFMDBManager.m; sourceTree = "<group>"; };
		4D29ECBEF44CF6C2A8514D61 /* Pods-testDemo.debug.xcconfig */ = {isa = PBXFileReference; includeInIndex = 1; lastKnownFileType = text.xcconfig; name = "Pods-testDemo.debug.xcconfig"; path = "Target Support Files/Pods-testDemo/Pods-testDemo.debug.xcconfig"; sourceTree = "<group>"; };
		72D34A32F0562B7F8D60D2EE /* libPods-testDemo.a */ = {isa = PBXFileReference; explicitFileType = archive.ar; includeInIndex = 0; path = "libPods-testDemo.a"; sourceTree = BUILT_PRODUCTS_DIR; };
		F0EB412F048F2F150C68855C /* Pods-testDemo.release.xcconfig */ = {isa = PBXFileReference; includeInIndex = 1; lastKnownFileType = text.xcconfig; name = "Pods-testDemo.release.xcconfig"; path = "Target Support Files/Pods-testDemo/Pods-testDemo.release.xcconfig"; sourceTree = "<group>"; };
/* End PBXFileReference section */

/* Begin PBXFrameworksBuildPhase section */
		046377DA25E49CCF00D1397B /* Frameworks */ = {
			isa = PBXFrameworksBuildPhase;
			buildActionMask = 2147483647;
			files = (
				D9978F14820C0CAC46B65A1F /* libPods-testDemo.a in Frameworks */,
			);
			runOnlyForDeploymentPostprocessing = 0;
		};
/* End PBXFrameworksBuildPhase section */

/* Begin PBXGroup section */
		046377D425E49CCF00D1397B = {
			isa = PBXGroup;
			children = (
				046377DF25E49CCF00D1397B /* testDemo */,
				046377DE25E49CCF00D1397B /* Products */,
				100D0B49BB4379CBE974C789 /* Pods */,
				BBBCD7BB8DD963CF1BC4C47A /* Frameworks */,
			);
			sourceTree = "<group>";
		};
		046377DE25E49CCF00D1397B /* Products */ = {
			isa = PBXGroup;
			children = (
				046377DD25E49CCF00D1397B /* testDemo.app */,
			);
			name = Products;
			sourceTree = "<group>";
		};
		046377DF25E49CCF00D1397B /* testDemo */ = {
			isa = PBXGroup;
			children = (
				046377E025E49CCF00D1397B /* AppDelegate.h */,
				046377E125E49CCF00D1397B /* AppDelegate.m */,
				046377E325E49CCF00D1397B /* SceneDelegate.h */,
				046377E425E49CCF00D1397B /* SceneDelegate.m */,
				046377E625E49CCF00D1397B /* ViewController.h */,
				046377E725E49CCF00D1397B /* ViewController.m */,
				047A933D25E4DF2D00708EE7 /* MDIFMDBManager.h */,
				047A933E25E4DF2D00708EE7 /* MDIFMDBManager.m */,
				046377E925E49CCF00D1397B /* Main.storyboard */,
				046377EC25E49CD100D1397B /* Assets.xcassets */,
				046377EE25E49CD100D1397B /* LaunchScreen.storyboard */,
				046377F125E49CD100D1397B /* Info.plist */,
				046377F225E49CD100D1397B /* main.m */,
				047A933B25E4DE6200708EE7 /* PrefixHeader.pch */,
			);
			path = testDemo;
			sourceTree = "<group>";
		};
		100D0B49BB4379CBE974C789 /* Pods */ = {
			isa = PBXGroup;
			children = (
				4D29ECBEF44CF6C2A8514D61 /* Pods-testDemo.debug.xcconfig */,
				F0EB412F048F2F150C68855C /* Pods-testDemo.release.xcconfig */,
			);
			path = Pods;
			sourceTree = "<group>";
		};
		BBBCD7BB8DD963CF1BC4C47A /* Frameworks */ = {
			isa = PBXGroup;
			children = (
				72D34A32F0562B7F8D60D2EE /* libPods-testDemo.a */,
			);
			name = Frameworks;
			sourceTree = "<group>";
		};
/* End PBXGroup section */

/* Begin PBXNativeTarget section */
		046377DC25E49CCF00D1397B /* testDemo */ = {
			isa = PBXNativeTarget;
			buildConfigurationList = 046377F625E49CD100D1397B /* Build configuration list for PBXNativeTarget "testDemo" */;
			buildPhases = (
				4827C455E57AFF84CD350821 /* [CP] Check Pods Manifest.lock */,
				046377D925E49CCF00D1397B /* Sources */,
				046377DA25E49CCF00D1397B /* Frameworks */,
				046377DB25E49CCF00D1397B /* Resources */,
			);
			buildRules = (
			);
			dependencies = (
			);
			name = testDemo;
			productName = testDemo;
			productReference = 046377DD25E49CCF00D1397B /* testDemo.app */;
			productType = "com.apple.product-type.application";
		};
/* End PBXNativeTarget section */

/* Begin PBXProject section */
		046377D525E49CCF00D1397B /* Project object */ = {
			isa = PBXProject;
			attributes = {
				CLASSPREFIX = MDI;
				LastUpgradeCheck = 1230;
				TargetAttributes = {
					046377DC25E49CCF00D1397B = {
						CreatedOnToolsVersion = 12.3;
					};
				};
			};
			buildConfigurationList = 046377D825E49CCF00D1397B /* Build configuration list for PBXProject "testDemo" */;
			compatibilityVersion = "Xcode 9.3";
			developmentRegion = en;
			hasScannedForEncodings = 0;
			knownRegions = (
				en,
				Base,
			);
			mainGroup = 046377D425E49CCF00D1397B;
			productRefGroup = 046377DE25E49CCF00D1397B /* Products */;
			projectDirPath = "";
			projectRoot = "";
			targets = (
				046377DC25E49CCF00D1397B /* testDemo */,
			);
		};
/* End PBXProject section */

/* Begin PBXResourcesBuildPhase section */
		046377DB25E49CCF00D1397B /* Resources */ = {
			isa = PBXResourcesBuildPhase;
			buildActionMask = 2147483647;
			files = (
				046377F025E49CD100D1397B /* LaunchScreen.storyboard in Resources */,
				046377ED25E49CD100D1397B /* Assets.xcassets in Resources */,
				046377EB25E49CCF00D1397B /* Main.storyboard in Resources */,
			);
			runOnlyForDeploymentPostprocessing = 0;
		};
/* End PBXResourcesBuildPhase section */

/* Begin PBXShellScriptBuildPhase section */
		4827C455E57AFF84CD350821 /* [CP] Check Pods Manifest.lock */ = {
			isa = PBXShellScriptBuildPhase;
			buildActionMask = 2147483647;
			files = (
			);
			inputFileListPaths = (
			);
			inputPaths = (
				"${PODS_PODFILE_DIR_PATH}/Podfile.lock",
				"${PODS_ROOT}/Manifest.lock",
			);
			name = "[CP] Check Pods Manifest.lock";
			outputFileListPaths = (
			);
			outputPaths = (
				"$(DERIVED_FILE_DIR)/Pods-testDemo-checkManifestLockResult.txt",
			);
			runOnlyForDeploymentPostprocessing = 0;
			shellPath = /bin/sh;
			shellScript = "diff \"${PODS_PODFILE_DIR_PATH}/Podfile.lock\" \"${PODS_ROOT}/Manifest.lock\" > /dev/null\nif [ $? != 0 ] ; then\n    # print error to STDERR\n    echo \"error: The sandbox is not in sync with the Podfile.lock. Run 'pod install' or update your CocoaPods installation.\" >&2\n    exit 1\nfi\n# This output is used by Xcode 'outputs' to avoid re-running this script phase.\necho \"SUCCESS\" > \"${SCRIPT_OUTPUT_FILE_0}\"\n";
			showEnvVarsInLog = 0;
		};
/* End PBXShellScriptBuildPhase section */

/* Begin PBXSourcesBuildPhase section */
		046377D925E49CCF00D1397B /* Sources */ = {
			isa = PBXSourcesBuildPhase;
			buildActionMask = 2147483647;
			files = (
				046377E825E49CCF00D1397B /* ViewController.m in Sources */,
				046377E225E49CCF00D1397B /* AppDelegate.m in Sources */,
				046377F325E49CD100D1397B /* main.m in Sources */,
				047A933F25E4DF2D00708EE7 /* MDIFMDBManager.m in Sources */,
				046377E525E49CCF00D1397B /* SceneDelegate.m in Sources */,
			);
			runOnlyForDeploymentPostprocessing = 0;
		};
/* End PBXSourcesBuildPhase section */

/* Begin PBXVariantGroup section */
		046377E925E49CCF00D1397B /* Main.storyboard */ = {
			isa = PBXVariantGroup;
			children = (
				046377EA25E49CCF00D1397B /* Base */,
			);
			name = Main.storyboard;
			sourceTree = "<group>";
		};
		046377EE25E49CD100D1397B /* LaunchScreen.storyboard */ = {
			isa = PBXVariantGroup;
			children = (
				046377EF25E49CD100D1397B /* Base */,
			);
			name = LaunchScreen.storyboard;
			sourceTree = "<group>";
		};
/* End PBXVariantGroup section */

/* Begin XCBuildConfiguration section */
		046377F425E49CD100D1397B /* Debug */ = {
			isa = XCBuildConfiguration;
			buildSettings = {
				ALWAYS_SEARCH_USER_PATHS = NO;
				CLANG_ANALYZER_NONNULL = YES;
				CLANG_ANALYZER_NUMBER_OBJECT_CONVERSION = YES_AGGRESSIVE;
				CLANG_CXX_LANGUAGE_STANDARD = "gnu++14";
				CLANG_CXX_LIBRARY = "libc++";
				CLANG_ENABLE_MODULES = YES;
				CLANG_ENABLE_OBJC_ARC = YES;
				CLANG_ENABLE_OBJC_WEAK = YES;
				CLANG_WARN_BLOCK_CAPTURE_AUTORELEASING = YES;
				CLANG_WARN_BOOL_CONVERSION = YES;
				CLANG_WARN_COMMA = YES;
				CLANG_WARN_CONSTANT_CONVERSION = YES;
				CLANG_WARN_DEPRECATED_OBJC_IMPLEMENTATIONS = YES;
				CLANG_WARN_DIRECT_OBJC_ISA_USAGE = YES_ERROR;
				CLANG_WARN_DOCUMENTATION_COMMENTS = YES;
				CLANG_WARN_EMPTY_BODY = YES;
				CLANG_WARN_ENUM_CONVERSION = YES;
				CLANG_WARN_INFINITE_RECURSION = YES;
				CLANG_WARN_INT_CONVERSION = YES;
				CLANG_WARN_NON_LITERAL_NULL_CONVERSION = YES;
				CLANG_WARN_OBJC_IMPLICIT_RETAIN_SELF = YES;
				CLANG_WARN_OBJC_LITERAL_CONVERSION = YES;
				CLANG_WARN_OBJC_ROOT_CLASS = YES_ERROR;
				CLANG_WARN_QUOTED_INCLUDE_IN_FRAMEWORK_HEADER = YES;
				CLANG_WARN_RANGE_LOOP_ANALYSIS = YES;
				CLANG_WARN_STRICT_PROTOTYPES = YES;
				CLANG_WARN_SUSPICIOUS_MOVE = YES;
				CLANG_WARN_UNGUARDED_AVAILABILITY = YES_AGGRESSIVE;
				CLANG_WARN_UNREACHABLE_CODE = YES;
				CLANG_WARN__DUPLICATE_METHOD_MATCH = YES;
				COPY_PHASE_STRIP = NO;
				DEBUG_INFORMATION_FORMAT = dwarf;
				ENABLE_STRICT_OBJC_MSGSEND = YES;
				ENABLE_TESTABILITY = YES;
				GCC_C_LANGUAGE_STANDARD = gnu11;
				GCC_DYNAMIC_NO_PIC = NO;
				GCC_NO_COMMON_BLOCKS = YES;
				GCC_OPTIMIZATION_LEVEL = 0;
				GCC_PREPROCESSOR_DEFINITIONS = (
					"DEBUG=1",
					"$(inherited)",
				);
				GCC_WARN_64_TO_32_BIT_CONVERSION = YES;
				GCC_WARN_ABOUT_RETURN_TYPE = YES_ERROR;
				GCC_WARN_UNDECLARED_SELECTOR = YES;
				GCC_WARN_UNINITIALIZED_AUTOS = YES_AGGRESSIVE;
				GCC_WARN_UNUSED_FUNCTION = YES;
				GCC_WARN_UNUSED_VARIABLE = YES;
				IPHONEOS_DEPLOYMENT_TARGET = 14.3;
				MTL_ENABLE_DEBUG_INFO = INCLUDE_SOURCE;
				MTL_FAST_MATH = YES;
				ONLY_ACTIVE_ARCH = YES;
				SDKROOT = iphoneos;
			};
			name = Debug;
		};
		046377F525E49CD100D1397B /* Release */ = {
			isa = XCBuildConfiguration;
			buildSettings = {
				ALWAYS_SEARCH_USER_PATHS = NO;
				CLANG_ANALYZER_NONNULL = YES;
				CLANG_ANALYZER_NUMBER_OBJECT_CONVERSION = YES_AGGRESSIVE;
				CLANG_CXX_LANGUAGE_STANDARD = "gnu++14";
				CLANG_CXX_LIBRARY = "libc++";
				CLANG_ENABLE_MODULES = YES;
				CLANG_ENABLE_OBJC_ARC = YES;
				CLANG_ENABLE_OBJC_WEAK = YES;
				CLANG_WARN_BLOCK_CAPTURE_AUTORELEASING = YES;
				CLANG_WARN_BOOL_CONVERSION = YES;
				CLANG_WARN_COMMA = YES;
				CLANG_WARN_CONSTANT_CONVERSION = YES;
				CLANG_WARN_DEPRECATED_OBJC_IMPLEMENTATIONS = YES;
				CLANG_WARN_DIRECT_OBJC_ISA_USAGE = YES_ERROR;
				CLANG_WARN_DOCUMENTATION_COMMENTS = YES;
				CLANG_WARN_EMPTY_BODY = YES;
				CLANG_WARN_ENUM_CONVERSION = YES;
				CLANG_WARN_INFINITE_RECURSION = YES;
				CLANG_WARN_INT_CONVERSION = YES;
				CLANG_WARN_NON_LITERAL_NULL_CONVERSION = YES;
				CLANG_WARN_OBJC_IMPLICIT_RETAIN_SELF = YES;
				CLANG_WARN_OBJC_LITERAL_CONVERSION = YES;
				CLANG_WARN_OBJC_ROOT_CLASS = YES_ERROR;
				CLANG_WARN_QUOTED_INCLUDE_IN_FRAMEWORK_HEADER = YES;
				CLANG_WARN_RANGE_LOOP_ANALYSIS = YES;
				CLANG_WARN_STRICT_PROTOTYPES = YES;
				CLANG_WARN_SUSPICIOUS_MOVE = YES;
				CLANG_WARN_UNGUARDED_AVAILABILITY = YES_AGGRESSIVE;
				CLANG_WARN_UNREACHABLE_CODE = YES;
				CLANG_WARN__DUPLICATE_METHOD_MATCH = YES;
				COPY_PHASE_STRIP = NO;
				DEBUG_INFORMATION_FORMAT = "dwarf-with-dsym";
				ENABLE_NS_ASSERTIONS = NO;
				ENABLE_STRICT_OBJC_MSGSEND = YES;
				GCC_C_LANGUAGE_STANDARD = gnu11;
				GCC_NO_COMMON_BLOCKS = YES;
				GCC_WARN_64_TO_32_BIT_CONVERSION = YES;
				GCC_WARN_ABOUT_RETURN_TYPE = YES_ERROR;
				GCC_WARN_UNDECLARED_SELECTOR = YES;
				GCC_WARN_UNINITIALIZED_AUTOS = YES_AGGRESSIVE;
				GCC_WARN_UNUSED_FUNCTION = YES;
				GCC_WARN_UNUSED_VARIABLE = YES;
				IPHONEOS_DEPLOYMENT_TARGET = 14.3;
				MTL_ENABLE_DEBUG_INFO = NO;
				MTL_FAST_MATH = YES;
				SDKROOT = iphoneos;
				VALIDATE_PRODUCT = YES;
			};
			name = Release;
		};
		046377F725E49CD100D1397B /* Debug */ = {
			isa = XCBuildConfiguration;
			baseConfigurationReference = 4D29ECBEF44CF6C2A8514D61 /* Pods-testDemo.debug.xcconfig */;
			buildSettings = {
				ASSETCATALOG_COMPILER_APPICON_NAME = AppIcon;
				ASSETCATALOG_COMPILER_GLOBAL_ACCENT_COLOR_NAME = AccentColor;
				CODE_SIGN_STYLE = Automatic;
				DEVELOPMENT_TEAM = 2DPW2MS2H5;
				GCC_PREFIX_HEADER = testDemo/PrefixHeader.pch;
				INFOPLIST_FILE = testDemo/Info.plist;
				IPHONEOS_DEPLOYMENT_TARGET = 10.0;
				LD_RUNPATH_SEARCH_PATHS = (
					"$(inherited)",
					"@executable_path/Frameworks",
				);
				PRODUCT_BUNDLE_IDENTIFIER = yunshuxunlian.testDemo;
				PRODUCT_NAME = "$(TARGET_NAME)";
				TARGETED_DEVICE_FAMILY = "1,2";
			};
			name = Debug;
		};
		046377F825E49CD100D1397B /* Release */ = {
			isa = XCBuildConfiguration;
			baseConfigurationReference = F0EB412F048F2F150C68855C /* Pods-testDemo.release.xcconfig */;
			buildSettings = {
				ASSETCATALOG_COMPILER_APPICON_NAME = AppIcon;
				ASSETCATALOG_COMPILER_GLOBAL_ACCENT_COLOR_NAME = AccentColor;
				CODE_SIGN_STYLE = Automatic;
				DEVELOPMENT_TEAM = 2DPW2MS2H5;
				GCC_PREFIX_HEADER = testDemo/PrefixHeader.pch;
				INFOPLIST_FILE = testDemo/Info.plist;
				IPHONEOS_DEPLOYMENT_TARGET = 10.0;
				LD_RUNPATH_SEARCH_PATHS = (
					"$(inherited)",
					"@executable_path/Frameworks",
				);
				PRODUCT_BUNDLE_IDENTIFIER = yunshuxunlian.testDemo;
				PRODUCT_NAME = "$(TARGET_NAME)";
				TARGETED_DEVICE_FAMILY = "1,2";
			};
			name = Release;
		};
/* End XCBuildConfiguration section */

/* Begin XCConfigurationList section */
		046377D825E49CCF00D1397B /* Build configuration list for PBXProject "testDemo" */ = {
			isa = XCConfigurationList;
			buildConfigurations = (
				046377F425E49CD100D1397B /* Debug */,
				046377F525E49CD100D1397B /* Release */,
			);
			defaultConfigurationIsVisible = 0;
			defaultConfigurationName = Release;
		};
		046377F625E49CD100D1397B /* Build configuration list for PBXNativeTarget "testDemo" */ = {
			isa = XCConfigurationList;
			buildConfigurations = (
				046377F725E49CD100D1397B /* Debug */,
				046377F825E49CD100D1397B /* Release */,
			);
			defaultConfigurationIsVisible = 0;
			defaultConfigurationName = Release;
		};
/* End XCConfigurationList section */
	};
	rootObject = 046377D525E49CCF00D1397B /* Project object */;
}
